// !$*UTF8*$!
{
	archiveVersion = 1;
	classes = {
	};
	objectVersion = 70;
	objects = {

/* Begin PBXBuildFile section */
		4F73A58E2CA980C60061114F /* CameraService.swift in Sources */ = {isa = PBXBuildFile; fileRef = 4F73A58D2CA980C60061114F /* CameraService.swift */; };
		4FD76C932CA035D300988490 /* AppDelegate.swift in Sources */ = {isa = PBXBuildFile; fileRef = 4FD76C922CA035D300988490 /* AppDelegate.swift */; };
		4FD76C952CA035D300988490 /* SceneDelegate.swift in Sources */ = {isa = PBXBuildFile; fileRef = 4FD76C942CA035D300988490 /* SceneDelegate.swift */; };
		4FD76C972CA035D300988490 /* CameraViewController.swift in Sources */ = {isa = PBXBuildFile; fileRef = 4FD76C962CA035D300988490 /* CameraViewController.swift */; };
		4FD76C9A2CA035D300988490 /* Base in Resources */ = {isa = PBXBuildFile; fileRef = 4FD76C992CA035D300988490 /* Base */; };
		4FD76C9C2CA035D500988490 /* Assets.xcassets in Resources */ = {isa = PBXBuildFile; fileRef = 4FD76C9B2CA035D500988490 /* Assets.xcassets */; };
		4FD76C9F2CA035D500988490 /* Base in Resources */ = {isa = PBXBuildFile; fileRef = 4FD76C9E2CA035D500988490 /* Base */; };
		4FD76CA72CA03A2300988490 /* Product.swift in Sources */ = {isa = PBXBuildFile; fileRef = 4FD76CA62CA03A2300988490 /* Product.swift */; };
		4FD76CB12CA05F0500988490 /* ImageViewController.swift in Sources */ = {isa = PBXBuildFile; fileRef = 4FD76CAF2CA05F0500988490 /* ImageViewController.swift */; };
		4FD76CB22CA05F0500988490 /* ImageViewController.xib in Resources */ = {isa = PBXBuildFile; fileRef = 4FD76CB02CA05F0500988490 /* ImageViewController.xib */; };
		4FD76CB42CA0B4A300988490 /* ImageViewModel.swift in Sources */ = {isa = PBXBuildFile; fileRef = 4FD76CB32CA0B4A300988490 /* ImageViewModel.swift */; };
/* End PBXBuildFile section */

/* Begin PBXContainerItemProxy section */
		4F73A59D2CAA70760061114F /* PBXContainerItemProxy */ = {
			isa = PBXContainerItemProxy;
			containerPortal = 4FD76C872CA035D300988490 /* Project object */;
			proxyType = 1;
			remoteGlobalIDString = 4FD76C8E2CA035D300988490;
			remoteInfo = IDNowTest;
		};
/* End PBXContainerItemProxy section */

/* Begin PBXFileReference section */
		4F73A58D2CA980C60061114F /* CameraService.swift */ = {isa = PBXFileReference; lastKnownFileType = sourcecode.swift; path = CameraService.swift; sourceTree = "<group>"; };
		4F73A5992CAA70760061114F /* IDNowTestTests.xctest */ = {isa = PBXFileReference; explicitFileType = wrapper.cfbundle; includeInIndex = 0; path = IDNowTestTests.xctest; sourceTree = BUILT_PRODUCTS_DIR; };
		4FD76C8F2CA035D300988490 /* IDNowTest.app */ = {isa = PBXFileReference; explicitFileType = wrapper.application; includeInIndex = 0; path = IDNowTest.app; sourceTree = BUILT_PRODUCTS_DIR; };
		4FD76C922CA035D300988490 /* AppDelegate.swift */ = {isa = PBXFileReference; lastKnownFileType = sourcecode.swift; path = AppDelegate.swift; sourceTree = "<group>"; };
		4FD76C942CA035D300988490 /* SceneDelegate.swift */ = {isa = PBXFileReference; lastKnownFileType = sourcecode.swift; path = SceneDelegate.swift; sourceTree = "<group>"; };
		4FD76C962CA035D300988490 /* CameraViewController.swift */ = {isa = PBXFileReference; lastKnownFileType = sourcecode.swift; path = CameraViewController.swift; sourceTree = "<group>"; };
		4FD76C992CA035D300988490 /* Base */ = {isa = PBXFileReference; lastKnownFileType = file.storyboard; name = Base; path = Base.lproj/Main.storyboard; sourceTree = "<group>"; };
		4FD76C9B2CA035D500988490 /* Assets.xcassets */ = {isa = PBXFileReference; lastKnownFileType = folder.assetcatalog; path = Assets.xcassets; sourceTree = "<group>"; };
		4FD76C9E2CA035D500988490 /* Base */ = {isa = PBXFileReference; lastKnownFileType = file.storyboard; name = Base; path = Base.lproj/LaunchScreen.storyboard; sourceTree = "<group>"; };
		4FD76CA02CA035D500988490 /* Info.plist */ = {isa = PBXFileReference; lastKnownFileType = text.plist.xml; path = Info.plist; sourceTree = "<group>"; };
		4FD76CA62CA03A2300988490 /* Product.swift */ = {isa = PBXFileReference; lastKnownFileType = sourcecode.swift; path = Product.swift; sourceTree = "<group>"; };
		4FD76CAF2CA05F0500988490 /* ImageViewController.swift */ = {isa = PBXFileReference; lastKnownFileType = sourcecode.swift; path = ImageViewController.swift; sourceTree = "<group>"; };
		4FD76CB02CA05F0500988490 /* ImageViewController.xib */ = {isa = PBXFileReference; lastKnownFileType = file.xib; path = ImageViewController.xib; sourceTree = "<group>"; };
		4FD76CB32CA0B4A300988490 /* ImageViewModel.swift */ = {isa = PBXFileReference; lastKnownFileType = sourcecode.swift; path = ImageViewModel.swift; sourceTree = "<group>"; };
/* End PBXFileReference section */

/* Begin PBXFileSystemSynchronizedRootGroup section */
		4F73A59A2CAA70760061114F /* IDNowTestTests */ = {isa = PBXFileSystemSynchronizedRootGroup; explicitFileTypes = {}; explicitFolders = (); path = IDNowTestTests; sourceTree = "<group>"; };
/* End PBXFileSystemSynchronizedRootGroup section */

/* Begin PBXFrameworksBuildPhase section */
		4F73A5962CAA70760061114F /* Frameworks */ = {
			isa = PBXFrameworksBuildPhase;
			buildActionMask = 2147483647;
			files = (
			);
			runOnlyForDeploymentPostprocessing = 0;
		};
		4FD76C8C2CA035D300988490 /* Frameworks */ = {
			isa = PBXFrameworksBuildPhase;
			buildActionMask = 2147483647;
			files = (
			);
			runOnlyForDeploymentPostprocessing = 0;
		};
/* End PBXFrameworksBuildPhase section */

/* Begin PBXGroup section */
		4F73A58C2CA980AB0061114F /* Services */ = {
			isa = PBXGroup;
			children = (
				4F73A58D2CA980C60061114F /* CameraService.swift */,
			);
			path = Services;
			sourceTree = "<group>";
		};
		4F73A58F2CA98A5A0061114F /* Models */ = {
			isa = PBXGroup;
			children = (
				4FD76CA62CA03A2300988490 /* Product.swift */,
			);
			path = Models;
			sourceTree = "<group>";
		};
		4F73A5922CA9C6450061114F /* CameraViewController */ = {
			isa = PBXGroup;
			children = (
				4FD76C962CA035D300988490 /* CameraViewController.swift */,
			);
			path = CameraViewController;
			sourceTree = "<group>";
		};
		4FD76C862CA035D300988490 = {
			isa = PBXGroup;
			children = (
				4FD76C912CA035D300988490 /* IDNowTest */,
				4F73A59A2CAA70760061114F /* IDNowTestTests */,
				4FD76C902CA035D300988490 /* Products */,
			);
			sourceTree = "<group>";
		};
		4FD76C902CA035D300988490 /* Products */ = {
			isa = PBXGroup;
			children = (
				4FD76C8F2CA035D300988490 /* IDNowTest.app */,
				4F73A5992CAA70760061114F /* IDNowTestTests.xctest */,
			);
			name = Products;
			sourceTree = "<group>";
		};
		4FD76C912CA035D300988490 /* IDNowTest */ = {
			isa = PBXGroup;
			children = (
				4F73A5922CA9C6450061114F /* CameraViewController */,
				4F73A58F2CA98A5A0061114F /* Models */,
				4F73A58C2CA980AB0061114F /* Services */,
				4FD76CAA2CA05ED200988490 /* ImageViewController */,
				4FD76C922CA035D300988490 /* AppDelegate.swift */,
				4FD76C942CA035D300988490 /* SceneDelegate.swift */,
				4FD76C982CA035D300988490 /* Main.storyboard */,
				4FD76C9B2CA035D500988490 /* Assets.xcassets */,
				4FD76C9D2CA035D500988490 /* LaunchScreen.storyboard */,
				4FD76CA02CA035D500988490 /* Info.plist */,
			);
			path = IDNowTest;
			sourceTree = "<group>";
		};
		4FD76CAA2CA05ED200988490 /* ImageViewController */ = {
			isa = PBXGroup;
			children = (
				4FD76CAF2CA05F0500988490 /* ImageViewController.swift */,
				4FD76CB02CA05F0500988490 /* ImageViewController.xib */,
				4FD76CB32CA0B4A300988490 /* ImageViewModel.swift */,
			);
			path = ImageViewController;
			sourceTree = "<group>";
		};
/* End PBXGroup section */

/* Begin PBXNativeTarget section */
		4F73A5982CAA70760061114F /* IDNowTestTests */ = {
			isa = PBXNativeTarget;
			buildConfigurationList = 4F73A59F2CAA70760061114F /* Build configuration list for PBXNativeTarget "IDNowTestTests" */;
			buildPhases = (
				4F73A5952CAA70760061114F /* Sources */,
				4F73A5962CAA70760061114F /* Frameworks */,
				4F73A5972CAA70760061114F /* Resources */,
			);
			buildRules = (
			);
			dependencies = (
				4F73A59E2CAA70760061114F /* PBXTargetDependency */,
			);
			fileSystemSynchronizedGroups = (
				4F73A59A2CAA70760061114F /* IDNowTestTests */,
			);
			name = IDNowTestTests;
			packageProductDependencies = (
			);
			productName = IDNowTestTests;
			productReference = 4F73A5992CAA70760061114F /* IDNowTestTests.xctest */;
			productType = "com.apple.product-type.bundle.unit-test";
		};
		4FD76C8E2CA035D300988490 /* IDNowTest */ = {
			isa = PBXNativeTarget;
			buildConfigurationList = 4FD76CA32CA035D500988490 /* Build configuration list for PBXNativeTarget "IDNowTest" */;
			buildPhases = (
				4FD76C8B2CA035D300988490 /* Sources */,
				4FD76C8C2CA035D300988490 /* Frameworks */,
				4FD76C8D2CA035D300988490 /* Resources */,
			);
			buildRules = (
			);
			dependencies = (
			);
			name = IDNowTest;
			productName = IDNowTest;
			productReference = 4FD76C8F2CA035D300988490 /* IDNowTest.app */;
			productType = "com.apple.product-type.application";
		};
/* End PBXNativeTarget section */

/* Begin PBXProject section */
		4FD76C872CA035D300988490 /* Project object */ = {
			isa = PBXProject;
			attributes = {
				BuildIndependentTargetsInParallel = 1;
				LastSwiftUpdateCheck = 1600;
				LastUpgradeCheck = 1540;
				TargetAttributes = {
					4F73A5982CAA70760061114F = {
						CreatedOnToolsVersion = 16.0;
						TestTargetID = 4FD76C8E2CA035D300988490;
					};
					4FD76C8E2CA035D300988490 = {
						CreatedOnToolsVersion = 15.4;
					};
				};
			};
			buildConfigurationList = 4FD76C8A2CA035D300988490 /* Build configuration list for PBXProject "IDNowTest" */;
			compatibilityVersion = "Xcode 14.0";
			developmentRegion = en;
			hasScannedForEncodings = 0;
			knownRegions = (
				en,
				Base,
			);
			mainGroup = 4FD76C862CA035D300988490;
			productRefGroup = 4FD76C902CA035D300988490 /* Products */;
			projectDirPath = "";
			projectRoot = "";
			targets = (
				4FD76C8E2CA035D300988490 /* IDNowTest */,
				4F73A5982CAA70760061114F /* IDNowTestTests */,
			);
		};
/* End PBXProject section */

/* Begin PBXResourcesBuildPhase section */
		4F73A5972CAA70760061114F /* Resources */ = {
			isa = PBXResourcesBuildPhase;
			buildActionMask = 2147483647;
			files = (
			);
			runOnlyForDeploymentPostprocessing = 0;
		};
		4FD76C8D2CA035D300988490 /* Resources */ = {
			isa = PBXResourcesBuildPhase;
			buildActionMask = 2147483647;
			files = (
				4FD76C9C2CA035D500988490 /* Assets.xcassets in Resources */,
				4FD76C9F2CA035D500988490 /* Base in Resources */,
				4FD76CB22CA05F0500988490 /* ImageViewController.xib in Resources */,
				4FD76C9A2CA035D300988490 /* Base in Resources */,
			);
			runOnlyForDeploymentPostprocessing = 0;
		};
/* End PBXResourcesBuildPhase section */

/* Begin PBXSourcesBuildPhase section */
		4F73A5952CAA70760061114F /* Sources */ = {
			isa = PBXSourcesBuildPhase;
			buildActionMask = 2147483647;
			files = (
			);
			runOnlyForDeploymentPostprocessing = 0;
		};
		4FD76C8B2CA035D300988490 /* Sources */ = {
			isa = PBXSourcesBuildPhase;
			buildActionMask = 2147483647;
			files = (
				4FD76CB42CA0B4A300988490 /* ImageViewModel.swift in Sources */,
				4FD76C972CA035D300988490 /* CameraViewController.swift in Sources */,
				4FD76C932CA035D300988490 /* AppDelegate.swift in Sources */,
				4FD76C952CA035D300988490 /* SceneDelegate.swift in Sources */,
				4FD76CB12CA05F0500988490 /* ImageViewController.swift in Sources */,
				4FD76CA72CA03A2300988490 /* Product.swift in Sources */,
				4F73A58E2CA980C60061114F /* CameraService.swift in Sources */,
			);
			runOnlyForDeploymentPostprocessing = 0;
		};
/* End PBXSourcesBuildPhase section */

/* Begin PBXTargetDependency section */
		4F73A59E2CAA70760061114F /* PBXTargetDependency */ = {
			isa = PBXTargetDependency;
			target = 4FD76C8E2CA035D300988490 /* IDNowTest */;
			targetProxy = 4F73A59D2CAA70760061114F /* PBXContainerItemProxy */;
		};
/* End PBXTargetDependency section */

/* Begin PBXVariantGroup section */
		4FD76C982CA035D300988490 /* Main.storyboard */ = {
			isa = PBXVariantGroup;
			children = (
				4FD76C992CA035D300988490 /* Base */,
			);
			name = Main.storyboard;
			sourceTree = "<group>";
		};
		4FD76C9D2CA035D500988490 /* LaunchScreen.storyboard */ = {
			isa = PBXVariantGroup;
			children = (
				4FD76C9E2CA035D500988490 /* Base */,
			);
			name = LaunchScreen.storyboard;
			sourceTree = "<group>";
		};
/* End PBXVariantGroup section */

/* Begin XCBuildConfiguration section */
		4F73A5A02CAA70760061114F /* Debug */ = {
			isa = XCBuildConfiguration;
			buildSettings = {
				BUNDLE_LOADER = "$(TEST_HOST)";
				CODE_SIGN_STYLE = Automatic;
				CURRENT_PROJECT_VERSION = 1;
				GENERATE_INFOPLIST_FILE = YES;
				IPHONEOS_DEPLOYMENT_TARGET = 18.0;
				MARKETING_VERSION = 1.0;
				PRODUCT_BUNDLE_IDENTIFIER = swiftui.IDNowTestTests;
				PRODUCT_NAME = "$(TARGET_NAME)";
				SWIFT_EMIT_LOC_STRINGS = NO;
				SWIFT_VERSION = 5.0;
				TARGETED_DEVICE_FAMILY = "1,2";
				TEST_HOST = "$(BUILT_PRODUCTS_DIR)/IDNowTest.app/$(BUNDLE_EXECUTABLE_FOLDER_PATH)/IDNowTest";
			};
			name = Debug;
		};
		4F73A5A12CAA70760061114F /* Release */ = {
			isa = XCBuildConfiguration;
			buildSettings = {
				BUNDLE_LOADER = "$(TEST_HOST)";
				CODE_SIGN_STYLE = Automatic;
				CURRENT_PROJECT_VERSION = 1;
				GENERATE_INFOPLIST_FILE = YES;
				IPHONEOS_DEPLOYMENT_TARGET = 18.0;
				MARKETING_VERSION = 1.0;
				PRODUCT_BUNDLE_IDENTIFIER = swiftui.IDNowTestTests;
				PRODUCT_NAME = "$(TARGET_NAME)";
				SWIFT_EMIT_LOC_STRINGS = NO;
				SWIFT_VERSION = 5.0;
				TARGETED_DEVICE_FAMILY = "1,2";
				TEST_HOST = "$(BUILT_PRODUCTS_DIR)/IDNowTest.app/$(BUNDLE_EXECUTABLE_FOLDER_PATH)/IDNowTest";
			};
			name = Release;
		};
		4FD76CA12CA035D500988490 /* Debug */ = {
			isa = XCBuildConfiguration;
			buildSettings = {
				ALWAYS_SEARCH_USER_PATHS = NO;
				ASSETCATALOG_COMPILER_GENERATE_SWIFT_ASSET_SYMBOL_EXTENSIONS = YES;
				CLANG_ANALYZER_NONNULL = YES;
				CLANG_ANALYZER_NUMBER_OBJECT_CONVERSION = YES_AGGRESSIVE;
				CLANG_CXX_LANGUAGE_STANDARD = "gnu++20";
				CLANG_ENABLE_MODULES = YES;
				CLANG_ENABLE_OBJC_ARC = YES;
				CLANG_ENABLE_OBJC_WEAK = YES;
				CLANG_WARN_BLOCK_CAPTURE_AUTORELEASING = YES;
				CLANG_WARN_BOOL_CONVERSION = YES;
				CLANG_WARN_COMMA = YES;
				CLANG_WARN_CONSTANT_CONVERSION = YES;
				CLANG_WARN_DEPRECATED_OBJC_IMPLEMENTATIONS = YES;
				CLANG_WARN_DIRECT_OBJC_ISA_USAGE = YES_ERROR;
				CLANG_WARN_DOCUMENTATION_COMMENTS = YES;
				CLANG_WARN_EMPTY_BODY = YES;
				CLANG_WARN_ENUM_CONVERSION = YES;
				CLANG_WARN_INFINITE_RECURSION = YES;
				CLANG_WARN_INT_CONVERSION = YES;
				CLANG_WARN_NON_LITERAL_NULL_CONVERSION = YES;
				CLANG_WARN_OBJC_IMPLICIT_RETAIN_SELF = YES;
				CLANG_WARN_OBJC_LITERAL_CONVERSION = YES;
				CLANG_WARN_OBJC_ROOT_CLASS = YES_ERROR;
				CLANG_WARN_QUOTED_INCLUDE_IN_FRAMEWORK_HEADER = YES;
				CLANG_WARN_RANGE_LOOP_ANALYSIS = YES;
				CLANG_WARN_STRICT_PROTOTYPES = YES;
				CLANG_WARN_SUSPICIOUS_MOVE = YES;
				CLANG_WARN_UNGUARDED_AVAILABILITY = YES_AGGRESSIVE;
				CLANG_WARN_UNREACHABLE_CODE = YES;
				CLANG_WARN__DUPLICATE_METHOD_MATCH = YES;
				COPY_PHASE_STRIP = NO;
				DEBUG_INFORMATION_FORMAT = dwarf;
				ENABLE_STRICT_OBJC_MSGSEND = YES;
				ENABLE_TESTABILITY = YES;
				ENABLE_USER_SCRIPT_SANDBOXING = YES;
				GCC_C_LANGUAGE_STANDARD = gnu17;
				GCC_DYNAMIC_NO_PIC = NO;
				GCC_NO_COMMON_BLOCKS = YES;
				GCC_OPTIMIZATION_LEVEL = 0;
				GCC_PREPROCESSOR_DEFINITIONS = (
					"DEBUG=1",
					"$(inherited)",
				);
				GCC_WARN_64_TO_32_BIT_CONVERSION = YES;
				GCC_WARN_ABOUT_RETURN_TYPE = YES_ERROR;
				GCC_WARN_UNDECLARED_SELECTOR = YES;
				GCC_WARN_UNINITIALIZED_AUTOS = YES_AGGRESSIVE;
				GCC_WARN_UNUSED_FUNCTION = YES;
				GCC_WARN_UNUSED_VARIABLE = YES;
				IPHONEOS_DEPLOYMENT_TARGET = 17.5;
				LOCALIZATION_PREFERS_STRING_CATALOGS = YES;
				MTL_ENABLE_DEBUG_INFO = INCLUDE_SOURCE;
				MTL_FAST_MATH = YES;
				ONLY_ACTIVE_ARCH = YES;
				SDKROOT = iphoneos;
				SWIFT_ACTIVE_COMPILATION_CONDITIONS = "DEBUG $(inherited)";
				SWIFT_OPTIMIZATION_LEVEL = "-Onone";
			};
			name = Debug;
		};
		4FD76CA22CA035D500988490 /* Release */ = {
			isa = XCBuildConfiguration;
			buildSettings = {
				ALWAYS_SEARCH_USER_PATHS = NO;
				ASSETCATALOG_COMPILER_GENERATE_SWIFT_ASSET_SYMBOL_EXTENSIONS = YES;
				CLANG_ANALYZER_NONNULL = YES;
				CLANG_ANALYZER_NUMBER_OBJECT_CONVERSION = YES_AGGRESSIVE;
				CLANG_CXX_LANGUAGE_STANDARD = "gnu++20";
				CLANG_ENABLE_MODULES = YES;
				CLANG_ENABLE_OBJC_ARC = YES;
				CLANG_ENABLE_OBJC_WEAK = YES;
				CLANG_WARN_BLOCK_CAPTURE_AUTORELEASING = YES;
				CLANG_WARN_BOOL_CONVERSION = YES;
				CLANG_WARN_COMMA = YES;
				CLANG_WARN_CONSTANT_CONVERSION = YES;
				CLANG_WARN_DEPRECATED_OBJC_IMPLEMENTATIONS = YES;
				CLANG_WARN_DIRECT_OBJC_ISA_USAGE = YES_ERROR;
				CLANG_WARN_DOCUMENTATION_COMMENTS = YES;
				CLANG_WARN_EMPTY_BODY = YES;
				CLANG_WARN_ENUM_CONVERSION = YES;
				CLANG_WARN_INFINITE_RECURSION = YES;
				CLANG_WARN_INT_CONVERSION = YES;
				CLANG_WARN_NON_LITERAL_NULL_CONVERSION = YES;
				CLANG_WARN_OBJC_IMPLICIT_RETAIN_SELF = YES;
				CLANG_WARN_OBJC_LITERAL_CONVERSION = YES;
				CLANG_WARN_OBJC_ROOT_CLASS = YES_ERROR;
				CLANG_WARN_QUOTED_INCLUDE_IN_FRAMEWORK_HEADER = YES;
				CLANG_WARN_RANGE_LOOP_ANALYSIS = YES;
				CLANG_WARN_STRICT_PROTOTYPES = YES;
				CLANG_WARN_SUSPICIOUS_MOVE = YES;
				CLANG_WARN_UNGUARDED_AVAILABILITY = YES_AGGRESSIVE;
				CLANG_WARN_UNREACHABLE_CODE = YES;
				CLANG_WARN__DUPLICATE_METHOD_MATCH = YES;
				COPY_PHASE_STRIP = NO;
				DEBUG_INFORMATION_FORMAT = "dwarf-with-dsym";
				ENABLE_NS_ASSERTIONS = NO;
				ENABLE_STRICT_OBJC_MSGSEND = YES;
				ENABLE_USER_SCRIPT_SANDBOXING = YES;
				GCC_C_LANGUAGE_STANDARD = gnu17;
				GCC_NO_COMMON_BLOCKS = YES;
				GCC_WARN_64_TO_32_BIT_CONVERSION = YES;
				GCC_WARN_ABOUT_RETURN_TYPE = YES_ERROR;
				GCC_WARN_UNDECLARED_SELECTOR = YES;
				GCC_WARN_UNINITIALIZED_AUTOS = YES_AGGRESSIVE;
				GCC_WARN_UNUSED_FUNCTION = YES;
				GCC_WARN_UNUSED_VARIABLE = YES;
				IPHONEOS_DEPLOYMENT_TARGET = 17.5;
				LOCALIZATION_PREFERS_STRING_CATALOGS = YES;
				MTL_ENABLE_DEBUG_INFO = NO;
				MTL_FAST_MATH = YES;
				SDKROOT = iphoneos;
				SWIFT_COMPILATION_MODE = wholemodule;
				VALIDATE_PRODUCT = YES;
			};
			name = Release;
		};
		4FD76CA42CA035D500988490 /* Debug */ = {
			isa = XCBuildConfiguration;
			buildSettings = {
				ASSETCATALOG_COMPILER_APPICON_NAME = AppIcon;
				ASSETCATALOG_COMPILER_GLOBAL_ACCENT_COLOR_NAME = AccentColor;
				CODE_SIGN_STYLE = Automatic;
				CURRENT_PROJECT_VERSION = 1;
				DEVELOPMENT_TEAM = WGY9Q4U92K;
				GENERATE_INFOPLIST_FILE = YES;
				INFOPLIST_FILE = IDNowTest/Info.plist;
				INFOPLIST_KEY_UIApplicationSupportsIndirectInputEvents = YES;
				INFOPLIST_KEY_UILaunchStoryboardName = LaunchScreen;
				INFOPLIST_KEY_UISupportedInterfaceOrientations_iPad = "UIInterfaceOrientationPortrait UIInterfaceOrientationPortraitUpsideDown UIInterfaceOrientationLandscapeLeft UIInterfaceOrientationLandscapeRight";
				INFOPLIST_KEY_UISupportedInterfaceOrientations_iPhone = "UIInterfaceOrientationPortrait UIInterfaceOrientationLandscapeLeft UIInterfaceOrientationLandscapeRight";
				LD_RUNPATH_SEARCH_PATHS = (
					"$(inherited)",
					"@executable_path/Frameworks",
				);
				MARKETING_VERSION = 1.0;
				PRODUCT_BUNDLE_IDENTIFIER = swiftui.IDNowTest;
				PRODUCT_NAME = "$(TARGET_NAME)";
				SWIFT_EMIT_LOC_STRINGS = YES;
				SWIFT_VERSION = 5.0;
				TARGETED_DEVICE_FAMILY = "1,2";
			};
			name = Debug;
		};
		4FD76CA52CA035D500988490 /* Release */ = {
			isa = XCBuildConfiguration;
			buildSettings = {
				ASSETCATALOG_COMPILER_APPICON_NAME = AppIcon;
				ASSETCATALOG_COMPILER_GLOBAL_ACCENT_COLOR_NAME = AccentColor;
				CODE_SIGN_STYLE = Automatic;
				CURRENT_PROJECT_VERSION = 1;
				DEVELOPMENT_TEAM = WGY9Q4U92K;
				GENERATE_INFOPLIST_FILE = YES;
				INFOPLIST_FILE = IDNowTest/Info.plist;
				INFOPLIST_KEY_UIApplicationSupportsIndirectInputEvents = YES;
				INFOPLIST_KEY_UILaunchStoryboardName = LaunchScreen;
				INFOPLIST_KEY_UISupportedInterfaceOrientations_iPad = "UIInterfaceOrientationPortrait UIInterfaceOrientationPortraitUpsideDown UIInterfaceOrientationLandscapeLeft UIInterfaceOrientationLandscapeRight";
				INFOPLIST_KEY_UISupportedInterfaceOrientations_iPhone = "UIInterfaceOrientationPortrait UIInterfaceOrientationLandscapeLeft UIInterfaceOrientationLandscapeRight";
				LD_RUNPATH_SEARCH_PATHS = (
					"$(inherited)",
					"@executable_path/Frameworks",
				);
				MARKETING_VERSION = 1.0;
				PRODUCT_BUNDLE_IDENTIFIER = swiftui.IDNowTest;
				PRODUCT_NAME = "$(TARGET_NAME)";
				SWIFT_EMIT_LOC_STRINGS = YES;
				SWIFT_VERSION = 5.0;
				TARGETED_DEVICE_FAMILY = "1,2";
			};
			name = Release;
		};
/* End XCBuildConfiguration section */

/* Begin XCConfigurationList section */
		4F73A59F2CAA70760061114F /* Build configuration list for PBXNativeTarget "IDNowTestTests" */ = {
			isa = XCConfigurationList;
			buildConfigurations = (
				4F73A5A02CAA70760061114F /* Debug */,
				4F73A5A12CAA70760061114F /* Release */,
			);
			defaultConfigurationIsVisible = 0;
			defaultConfigurationName = Release;
		};
		4FD76C8A2CA035D300988490 /* Build configuration list for PBXProject "IDNowTest" */ = {
			isa = XCConfigurationList;
			buildConfigurations = (
				4FD76CA12CA035D500988490 /* Debug */,
				4FD76CA22CA035D500988490 /* Release */,
			);
			defaultConfigurationIsVisible = 0;
			defaultConfigurationName = Release;
		};
		4FD76CA32CA035D500988490 /* Build configuration list for PBXNativeTarget "IDNowTest" */ = {
			isa = XCConfigurationList;
			buildConfigurations = (
				4FD76CA42CA035D500988490 /* Debug */,
				4FD76CA52CA035D500988490 /* Release */,
			);
			defaultConfigurationIsVisible = 0;
			defaultConfigurationName = Release;
		};
/* End XCConfigurationList section */
	};
	rootObject = 4FD76C872CA035D300988490 /* Project object */;
}
